// !$*UTF8*$!
{
	archiveVersion = 1;
	classes = {
	};
	objectVersion = 48;
	objects = {

/* Begin PBXBuildFile section */
		8B2CE78A88FAF668CF574258 /* Pods_desafio_token_bernardo.framework in Frameworks */ = {isa = PBXBuildFile; fileRef = 6918F7FF2144E541B42FDB1D /* Pods_desafio_token_bernardo.framework */; };
		D17895BB20078AFB000BEED2 /* UserService.swift in Sources */ = {isa = PBXBuildFile; fileRef = D17895BA20078AFB000BEED2 /* UserService.swift */; };
		D17895BE200798F5000BEED2 /* GameTableCell.swift in Sources */ = {isa = PBXBuildFile; fileRef = D17895BD200798F5000BEED2 /* GameTableCell.swift */; };
		D17895C02007992D000BEED2 /* CircleImage.swift in Sources */ = {isa = PBXBuildFile; fileRef = D17895BF2007992D000BEED2 /* CircleImage.swift */; };
		D17895C22007B6D3000BEED2 /* GameService.swift in Sources */ = {isa = PBXBuildFile; fileRef = D17895C12007B6D3000BEED2 /* GameService.swift */; };
		D17E0D962008E86E0091A42A /* UserViewModel.swift in Sources */ = {isa = PBXBuildFile; fileRef = D17E0D952008E86E0091A42A /* UserViewModel.swift */; };
		D17E0D982008E9910091A42A /* UserPresenter.swift in Sources */ = {isa = PBXBuildFile; fileRef = D17E0D972008E9910091A42A /* UserPresenter.swift */; };
		D1820A14200E23640014BFFA /* GameMapper.swift in Sources */ = {isa = PBXBuildFile; fileRef = D1820A13200E23640014BFFA /* GameMapper.swift */; };
		D1820A16200E68A60014BFFA /* GameCollectionCell.swift in Sources */ = {isa = PBXBuildFile; fileRef = D1820A15200E68A60014BFFA /* GameCollectionCell.swift */; };
		D1820A18200E6C080014BFFA /* GameGridVC.swift in Sources */ = {isa = PBXBuildFile; fileRef = D1820A17200E6C080014BFFA /* GameGridVC.swift */; };
		D1820A1A200E6DDF0014BFFA /* GameGridPresenter.swift in Sources */ = {isa = PBXBuildFile; fileRef = D1820A19200E6DDF0014BFFA /* GameGridPresenter.swift */; };
		D19574FB200CFC1A00E28814 /* GameViewModel.swift in Sources */ = {isa = PBXBuildFile; fileRef = D19574FA200CFC1A00E28814 /* GameViewModel.swift */; };
		D19574FD200CFCB600E28814 /* GameListPresenter.swift in Sources */ = {isa = PBXBuildFile; fileRef = D19574FC200CFCB600E28814 /* GameListPresenter.swift */; };
		D19574FF200D178200E28814 /* RoundedImage.swift in Sources */ = {isa = PBXBuildFile; fileRef = D19574FE200D178200E28814 /* RoundedImage.swift */; };
		D1957501200D31E400E28814 /* GameDetailedVC.swift in Sources */ = {isa = PBXBuildFile; fileRef = D1957500200D31E400E28814 /* GameDetailedVC.swift */; };
		D1957503200D326F00E28814 /* GameDetailedPresenter.swift in Sources */ = {isa = PBXBuildFile; fileRef = D1957502200D326F00E28814 /* GameDetailedPresenter.swift */; };
		D1957505200D421300E28814 /* RoundedButton.swift in Sources */ = {isa = PBXBuildFile; fileRef = D1957504200D421300E28814 /* RoundedButton.swift */; };
		D1A250F420053D4F00D2F438 /* UserProfileVC.swift in Sources */ = {isa = PBXBuildFile; fileRef = D1A250F320053D4F00D2F438 /* UserProfileVC.swift */; };
		D1A250F620053D7400D2F438 /* GameListVC.swift in Sources */ = {isa = PBXBuildFile; fileRef = D1A250F520053D7400D2F438 /* GameListVC.swift */; };
		D1A25109200550F600D2F438 /* User.swift in Sources */ = {isa = PBXBuildFile; fileRef = D1A25108200550F600D2F438 /* User.swift */; };
		D1A2510B2005510000D2F438 /* Game.swift in Sources */ = {isa = PBXBuildFile; fileRef = D1A2510A2005510000D2F438 /* Game.swift */; };
		D1C952712003CD4C00B7E1E9 /* AppDelegate.swift in Sources */ = {isa = PBXBuildFile; fileRef = D1C952702003CD4C00B7E1E9 /* AppDelegate.swift */; };
		D1C952762003CD4C00B7E1E9 /* Main.storyboard in Resources */ = {isa = PBXBuildFile; fileRef = D1C952742003CD4C00B7E1E9 /* Main.storyboard */; };
		D1C952782003CD4C00B7E1E9 /* Assets.xcassets in Resources */ = {isa = PBXBuildFile; fileRef = D1C952772003CD4C00B7E1E9 /* Assets.xcassets */; };
		D1C9527B2003CD4C00B7E1E9 /* LaunchScreen.storyboard in Resources */ = {isa = PBXBuildFile; fileRef = D1C952792003CD4C00B7E1E9 /* LaunchScreen.storyboard */; };
		D1C952842003D65200B7E1E9 /* Constants.swift in Sources */ = {isa = PBXBuildFile; fileRef = D1C952832003D65200B7E1E9 /* Constants.swift */; };
/* End PBXBuildFile section */

/* Begin PBXFileReference section */
		521FD6DA9F5C033957745C55 /* Pods-desafio-token-bernardo.release.xcconfig */ = {isa = PBXFileReference; includeInIndex = 1; lastKnownFileType = text.xcconfig; name = "Pods-desafio-token-bernardo.release.xcconfig"; path = "Pods/Target Support Files/Pods-desafio-token-bernardo/Pods-desafio-token-bernardo.release.xcconfig"; sourceTree = "<group>"; };
		6918F7FF2144E541B42FDB1D /* Pods_desafio_token_bernardo.framework */ = {isa = PBXFileReference; explicitFileType = wrapper.framework; includeInIndex = 0; path = Pods_desafio_token_bernardo.framework; sourceTree = BUILT_PRODUCTS_DIR; };
		D17895BA20078AFB000BEED2 /* UserService.swift */ = {isa = PBXFileReference; lastKnownFileType = sourcecode.swift; path = UserService.swift; sourceTree = "<group>"; };
		D17895BD200798F5000BEED2 /* GameTableCell.swift */ = {isa = PBXFileReference; lastKnownFileType = sourcecode.swift; path = GameTableCell.swift; sourceTree = "<group>"; };
		D17895BF2007992D000BEED2 /* CircleImage.swift */ = {isa = PBXFileReference; lastKnownFileType = sourcecode.swift; path = CircleImage.swift; sourceTree = "<group>"; };
		D17895C12007B6D3000BEED2 /* GameService.swift */ = {isa = PBXFileReference; lastKnownFileType = sourcecode.swift; path = GameService.swift; sourceTree = "<group>"; };
		D17E0D952008E86E0091A42A /* UserViewModel.swift */ = {isa = PBXFileReference; lastKnownFileType = sourcecode.swift; path = UserViewModel.swift; sourceTree = "<group>"; };
		D17E0D972008E9910091A42A /* UserPresenter.swift */ = {isa = PBXFileReference; lastKnownFileType = sourcecode.swift; path = UserPresenter.swift; sourceTree = "<group>"; };
		D1820A13200E23640014BFFA /* GameMapper.swift */ = {isa = PBXFileReference; lastKnownFileType = sourcecode.swift; path = GameMapper.swift; sourceTree = "<group>"; };
		D1820A15200E68A60014BFFA /* GameCollectionCell.swift */ = {isa = PBXFileReference; lastKnownFileType = sourcecode.swift; path = GameCollectionCell.swift; sourceTree = "<group>"; };
		D1820A17200E6C080014BFFA /* GameGridVC.swift */ = {isa = PBXFileReference; lastKnownFileType = sourcecode.swift; path = GameGridVC.swift; sourceTree = "<group>"; };
		D1820A19200E6DDF0014BFFA /* GameGridPresenter.swift */ = {isa = PBXFileReference; lastKnownFileType = sourcecode.swift; path = GameGridPresenter.swift; sourceTree = "<group>"; };
		D19574FA200CFC1A00E28814 /* GameViewModel.swift */ = {isa = PBXFileReference; lastKnownFileType = sourcecode.swift; path = GameViewModel.swift; sourceTree = "<group>"; };
		D19574FC200CFCB600E28814 /* GameListPresenter.swift */ = {isa = PBXFileReference; lastKnownFileType = sourcecode.swift; path = GameListPresenter.swift; sourceTree = "<group>"; };
		D19574FE200D178200E28814 /* RoundedImage.swift */ = {isa = PBXFileReference; lastKnownFileType = sourcecode.swift; path = RoundedImage.swift; sourceTree = "<group>"; };
		D1957500200D31E400E28814 /* GameDetailedVC.swift */ = {isa = PBXFileReference; lastKnownFileType = sourcecode.swift; path = GameDetailedVC.swift; sourceTree = "<group>"; };
		D1957502200D326F00E28814 /* GameDetailedPresenter.swift */ = {isa = PBXFileReference; lastKnownFileType = sourcecode.swift; path = GameDetailedPresenter.swift; sourceTree = "<group>"; };
		D1957504200D421300E28814 /* RoundedButton.swift */ = {isa = PBXFileReference; lastKnownFileType = sourcecode.swift; path = RoundedButton.swift; sourceTree = "<group>"; };
		D1A250F320053D4F00D2F438 /* UserProfileVC.swift */ = {isa = PBXFileReference; lastKnownFileType = sourcecode.swift; path = UserProfileVC.swift; sourceTree = "<group>"; };
		D1A250F520053D7400D2F438 /* GameListVC.swift */ = {isa = PBXFileReference; lastKnownFileType = sourcecode.swift; path = GameListVC.swift; sourceTree = "<group>"; };
		D1A25108200550F600D2F438 /* User.swift */ = {isa = PBXFileReference; lastKnownFileType = sourcecode.swift; path = User.swift; sourceTree = "<group>"; };
		D1A2510A2005510000D2F438 /* Game.swift */ = {isa = PBXFileReference; lastKnownFileType = sourcecode.swift; path = Game.swift; sourceTree = "<group>"; };
		D1C9526D2003CD4C00B7E1E9 /* desafio-token-bernardo.app */ = {isa = PBXFileReference; explicitFileType = wrapper.application; includeInIndex = 0; path = "desafio-token-bernardo.app"; sourceTree = BUILT_PRODUCTS_DIR; };
		D1C952702003CD4C00B7E1E9 /* AppDelegate.swift */ = {isa = PBXFileReference; lastKnownFileType = sourcecode.swift; path = AppDelegate.swift; sourceTree = "<group>"; };
		D1C952752003CD4C00B7E1E9 /* Base */ = {isa = PBXFileReference; lastKnownFileType = file.storyboard; name = Base; path = Base.lproj/Main.storyboard; sourceTree = "<group>"; };
		D1C952772003CD4C00B7E1E9 /* Assets.xcassets */ = {isa = PBXFileReference; lastKnownFileType = folder.assetcatalog; path = Assets.xcassets; sourceTree = "<group>"; };
		D1C9527A2003CD4C00B7E1E9 /* Base */ = {isa = PBXFileReference; lastKnownFileType = file.storyboard; name = Base; path = Base.lproj/LaunchScreen.storyboard; sourceTree = "<group>"; };
		D1C9527C2003CD4C00B7E1E9 /* Info.plist */ = {isa = PBXFileReference; lastKnownFileType = text.plist.xml; path = Info.plist; sourceTree = "<group>"; };
		D1C952832003D65200B7E1E9 /* Constants.swift */ = {isa = PBXFileReference; lastKnownFileType = sourcecode.swift; path = Constants.swift; sourceTree = "<group>"; };
		F956457031AC35DEEFBC61DA /* Pods-desafio-token-bernardo.debug.xcconfig */ = {isa = PBXFileReference; includeInIndex = 1; lastKnownFileType = text.xcconfig; name = "Pods-desafio-token-bernardo.debug.xcconfig"; path = "Pods/Target Support Files/Pods-desafio-token-bernardo/Pods-desafio-token-bernardo.debug.xcconfig"; sourceTree = "<group>"; };
/* End PBXFileReference section */

/* Begin PBXFrameworksBuildPhase section */
		D1C9526A2003CD4C00B7E1E9 /* Frameworks */ = {
			isa = PBXFrameworksBuildPhase;
			buildActionMask = 2147483647;
			files = (
				8B2CE78A88FAF668CF574258 /* Pods_desafio_token_bernardo.framework in Frameworks */,
			);
			runOnlyForDeploymentPostprocessing = 0;
		};
/* End PBXFrameworksBuildPhase section */

/* Begin PBXGroup section */
		10ABAC567141FF505AE6341E /* Frameworks */ = {
			isa = PBXGroup;
			children = (
				6918F7FF2144E541B42FDB1D /* Pods_desafio_token_bernardo.framework */,
			);
			name = Frameworks;
			sourceTree = "<group>";
		};
		A60DAE4DB8A3973D32467178 /* Pods */ = {
			isa = PBXGroup;
			children = (
				F956457031AC35DEEFBC61DA /* Pods-desafio-token-bernardo.debug.xcconfig */,
				521FD6DA9F5C033957745C55 /* Pods-desafio-token-bernardo.release.xcconfig */,
			);
			name = Pods;
			sourceTree = "<group>";
		};
		D17895BC200798C9000BEED2 /* Components */ = {
			isa = PBXGroup;
			children = (
				D17895BD200798F5000BEED2 /* GameTableCell.swift */,
				D1820A15200E68A60014BFFA /* GameCollectionCell.swift */,
				D17895BF2007992D000BEED2 /* CircleImage.swift */,
				D19574FE200D178200E28814 /* RoundedImage.swift */,
				D1957504200D421300E28814 /* RoundedButton.swift */,
			);
			path = Components;
			sourceTree = "<group>";
		};
		D17E0D942008E81A0091A42A /* ViewModel */ = {
			isa = PBXGroup;
			children = (
				D17E0D952008E86E0091A42A /* UserViewModel.swift */,
				D19574FA200CFC1A00E28814 /* GameViewModel.swift */,
			);
			path = ViewModel;
			sourceTree = "<group>";
		};
		D1A250F220053D1D00D2F438 /* Controller */ = {
			isa = PBXGroup;
			children = (
				D1A250F320053D4F00D2F438 /* UserProfileVC.swift */,
				D1A250F520053D7400D2F438 /* GameListVC.swift */,
				D1820A17200E6C080014BFFA /* GameGridVC.swift */,
				D1957500200D31E400E28814 /* GameDetailedVC.swift */,
			);
			path = Controller;
			sourceTree = "<group>";
		};
		D1A250F720053D8300D2F438 /* View */ = {
			isa = PBXGroup;
			children = (
				D17E0D942008E81A0091A42A /* ViewModel */,
				D1A250F220053D1D00D2F438 /* Controller */,
				D17895BC200798C9000BEED2 /* Components */,
			);
			path = View;
			sourceTree = "<group>";
		};
		D1A2510520054D2E00D2F438 /* Model */ = {
			isa = PBXGroup;
			children = (
				D1A25108200550F600D2F438 /* User.swift */,
				D1A2510A2005510000D2F438 /* Game.swift */,
			);
			path = Model;
			sourceTree = "<group>";
		};
		D1A2510620054D3800D2F438 /* Service */ = {
			isa = PBXGroup;
			children = (
				D17895BA20078AFB000BEED2 /* UserService.swift */,
				D17895C12007B6D3000BEED2 /* GameService.swift */,
			);
			path = Service;
			sourceTree = "<group>";
		};
		D1A2510720054D4A00D2F438 /* Presenter */ = {
			isa = PBXGroup;
			children = (
				D17E0D972008E9910091A42A /* UserPresenter.swift */,
				D19574FC200CFCB600E28814 /* GameListPresenter.swift */,
				D1820A19200E6DDF0014BFFA /* GameGridPresenter.swift */,
				D1957502200D326F00E28814 /* GameDetailedPresenter.swift */,
			);
			path = Presenter;
			sourceTree = "<group>";
		};
		D1C952642003CD4C00B7E1E9 = {
			isa = PBXGroup;
			children = (
				D1C9526F2003CD4C00B7E1E9 /* desafio-token-bernardo */,
				D1C9526E2003CD4C00B7E1E9 /* Products */,
				A60DAE4DB8A3973D32467178 /* Pods */,
				10ABAC567141FF505AE6341E /* Frameworks */,
			);
			sourceTree = "<group>";
		};
		D1C9526E2003CD4C00B7E1E9 /* Products */ = {
			isa = PBXGroup;
			children = (
				D1C9526D2003CD4C00B7E1E9 /* desafio-token-bernardo.app */,
			);
			name = Products;
			sourceTree = "<group>";
		};
		D1C9526F2003CD4C00B7E1E9 /* desafio-token-bernardo */ = {
			isa = PBXGroup;
			children = (
				D1A2510520054D2E00D2F438 /* Model */,
				D1A250F720053D8300D2F438 /* View */,
				D1A2510720054D4A00D2F438 /* Presenter */,
				D1A2510620054D3800D2F438 /* Service */,
				D1C952822003D63C00B7E1E9 /* Utils */,
				D1C952702003CD4C00B7E1E9 /* AppDelegate.swift */,
				D1C952742003CD4C00B7E1E9 /* Main.storyboard */,
				D1C952772003CD4C00B7E1E9 /* Assets.xcassets */,
				D1C952792003CD4C00B7E1E9 /* LaunchScreen.storyboard */,
				D1C9527C2003CD4C00B7E1E9 /* Info.plist */,
			);
			path = "desafio-token-bernardo";
			sourceTree = "<group>";
		};
		D1C952822003D63C00B7E1E9 /* Utils */ = {
			isa = PBXGroup;
			children = (
				D1C952832003D65200B7E1E9 /* Constants.swift */,
				D1820A13200E23640014BFFA /* GameMapper.swift */,
			);
			path = Utils;
			sourceTree = "<group>";
		};
/* End PBXGroup section */

/* Begin PBXNativeTarget section */
		D1C9526C2003CD4C00B7E1E9 /* desafio-token-bernardo */ = {
			isa = PBXNativeTarget;
			buildConfigurationList = D1C9527F2003CD4C00B7E1E9 /* Build configuration list for PBXNativeTarget "desafio-token-bernardo" */;
			buildPhases = (
				492A18D25BD39CFBF7D56F17 /* [CP] Check Pods Manifest.lock */,
				D1C952692003CD4C00B7E1E9 /* Sources */,
				D1C9526A2003CD4C00B7E1E9 /* Frameworks */,
				D1C9526B2003CD4C00B7E1E9 /* Resources */,
				651A23448954658CFC67E63E /* [CP] Embed Pods Frameworks */,
				3007BD435CA5976578434A44 /* [CP] Copy Pods Resources */,
			);
			buildRules = (
			);
			dependencies = (
			);
			name = "desafio-token-bernardo";
			productName = "desafio-token-bernardo";
			productReference = D1C9526D2003CD4C00B7E1E9 /* desafio-token-bernardo.app */;
			productType = "com.apple.product-type.application";
		};
/* End PBXNativeTarget section */

/* Begin PBXProject section */
		D1C952652003CD4C00B7E1E9 /* Project object */ = {
			isa = PBXProject;
			attributes = {
				LastSwiftUpdateCheck = 0920;
				LastUpgradeCheck = 0920;
				ORGANIZATIONNAME = "Bernardo Duarte";
				TargetAttributes = {
					D1C9526C2003CD4C00B7E1E9 = {
						CreatedOnToolsVersion = 9.2;
						LastSwiftMigration = 0920;
						ProvisioningStyle = Automatic;
					};
				};
			};
			buildConfigurationList = D1C952682003CD4C00B7E1E9 /* Build configuration list for PBXProject "desafio-token-bernardo" */;
			compatibilityVersion = "Xcode 8.0";
			developmentRegion = en;
			hasScannedForEncodings = 0;
			knownRegions = (
				en,
				Base,
			);
			mainGroup = D1C952642003CD4C00B7E1E9;
			productRefGroup = D1C9526E2003CD4C00B7E1E9 /* Products */;
			projectDirPath = "";
			projectRoot = "";
			targets = (
				D1C9526C2003CD4C00B7E1E9 /* desafio-token-bernardo */,
			);
		};
/* End PBXProject section */

/* Begin PBXResourcesBuildPhase section */
		D1C9526B2003CD4C00B7E1E9 /* Resources */ = {
			isa = PBXResourcesBuildPhase;
			buildActionMask = 2147483647;
			files = (
				D1C9527B2003CD4C00B7E1E9 /* LaunchScreen.storyboard in Resources */,
				D1C952782003CD4C00B7E1E9 /* Assets.xcassets in Resources */,
				D1C952762003CD4C00B7E1E9 /* Main.storyboard in Resources */,
			);
			runOnlyForDeploymentPostprocessing = 0;
		};
/* End PBXResourcesBuildPhase section */

/* Begin PBXShellScriptBuildPhase section */
		3007BD435CA5976578434A44 /* [CP] Copy Pods Resources */ = {
			isa = PBXShellScriptBuildPhase;
			buildActionMask = 2147483647;
			files = (
			);
			inputPaths = (
			);
			name = "[CP] Copy Pods Resources";
			outputPaths = (
			);
			runOnlyForDeploymentPostprocessing = 0;
			shellPath = /bin/sh;
			shellScript = "\"${SRCROOT}/Pods/Target Support Files/Pods-desafio-token-bernardo/Pods-desafio-token-bernardo-resources.sh\"\n";
			showEnvVarsInLog = 0;
		};
		492A18D25BD39CFBF7D56F17 /* [CP] Check Pods Manifest.lock */ = {
			isa = PBXShellScriptBuildPhase;
			buildActionMask = 2147483647;
			files = (
			);
			inputPaths = (
				"${PODS_PODFILE_DIR_PATH}/Podfile.lock",
				"${PODS_ROOT}/Manifest.lock",
			);
			name = "[CP] Check Pods Manifest.lock";
			outputPaths = (
				"$(DERIVED_FILE_DIR)/Pods-desafio-token-bernardo-checkManifestLockResult.txt",
			);
			runOnlyForDeploymentPostprocessing = 0;
			shellPath = /bin/sh;
			shellScript = "diff \"${PODS_PODFILE_DIR_PATH}/Podfile.lock\" \"${PODS_ROOT}/Manifest.lock\" > /dev/null\nif [ $? != 0 ] ; then\n    # print error to STDERR\n    echo \"error: The sandbox is not in sync with the Podfile.lock. Run 'pod install' or update your CocoaPods installation.\" >&2\n    exit 1\nfi\n# This output is used by Xcode 'outputs' to avoid re-running this script phase.\necho \"SUCCESS\" > \"${SCRIPT_OUTPUT_FILE_0}\"\n";
			showEnvVarsInLog = 0;
		};
		651A23448954658CFC67E63E /* [CP] Embed Pods Frameworks */ = {
			isa = PBXShellScriptBuildPhase;
			buildActionMask = 2147483647;
			files = (
			);
			inputPaths = (
				"${SRCROOT}/Pods/Target Support Files/Pods-desafio-token-bernardo/Pods-desafio-token-bernardo-frameworks.sh",
				"${BUILT_PRODUCTS_DIR}/Alamofire/Alamofire.framework",
				"${BUILT_PRODUCTS_DIR}/DeviceKit/DeviceKit.framework",
				"${BUILT_PRODUCTS_DIR}/Kingfisher/Kingfisher.framework",
				"${BUILT_PRODUCTS_DIR}/SWRevealViewController/SWRevealViewController.framework",
				"${BUILT_PRODUCTS_DIR}/SwiftyJSON/SwiftyJSON.framework",
				"${BUILT_PRODUCTS_DIR}/youtube-ios-player-helper/youtube_ios_player_helper.framework",
			);
			name = "[CP] Embed Pods Frameworks";
			outputPaths = (
				"${TARGET_BUILD_DIR}/${FRAMEWORKS_FOLDER_PATH}/Alamofire.framework",
				"${TARGET_BUILD_DIR}/${FRAMEWORKS_FOLDER_PATH}/DeviceKit.framework",
				"${TARGET_BUILD_DIR}/${FRAMEWORKS_FOLDER_PATH}/Kingfisher.framework",
				"${TARGET_BUILD_DIR}/${FRAMEWORKS_FOLDER_PATH}/SWRevealViewController.framework",
				"${TARGET_BUILD_DIR}/${FRAMEWORKS_FOLDER_PATH}/SwiftyJSON.framework",
				"${TARGET_BUILD_DIR}/${FRAMEWORKS_FOLDER_PATH}/youtube_ios_player_helper.framework",
			);
			runOnlyForDeploymentPostprocessing = 0;
			shellPath = /bin/sh;
			shellScript = "\"${SRCROOT}/Pods/Target Support Files/Pods-desafio-token-bernardo/Pods-desafio-token-bernardo-frameworks.sh\"\n";
			showEnvVarsInLog = 0;
		};
/* End PBXShellScriptBuildPhase section */

/* Begin PBXSourcesBuildPhase section */
		D1C952692003CD4C00B7E1E9 /* Sources */ = {
			isa = PBXSourcesBuildPhase;
			buildActionMask = 2147483647;
			files = (
				D19574FD200CFCB600E28814 /* GameListPresenter.swift in Sources */,
				D17895BB20078AFB000BEED2 /* UserService.swift in Sources */,
				D1C952712003CD4C00B7E1E9 /* AppDelegate.swift in Sources */,
				D1A2510B2005510000D2F438 /* Game.swift in Sources */,
				D1820A1A200E6DDF0014BFFA /* GameGridPresenter.swift in Sources */,
				D17895BE200798F5000BEED2 /* GameTableCell.swift in Sources */,
				D19574FB200CFC1A00E28814 /* GameViewModel.swift in Sources */,
				D1820A18200E6C080014BFFA /* GameGridVC.swift in Sources */,
				D1C952842003D65200B7E1E9 /* Constants.swift in Sources */,
				D17E0D962008E86E0091A42A /* UserViewModel.swift in Sources */,
				D17895C02007992D000BEED2 /* CircleImage.swift in Sources */,
				D1820A16200E68A60014BFFA /* GameCollectionCell.swift in Sources */,
				D1A250F620053D7400D2F438 /* GameListVC.swift in Sources */,
				D17895C22007B6D3000BEED2 /* GameService.swift in Sources */,
				D1957503200D326F00E28814 /* GameDetailedPresenter.swift in Sources */,
				D1820A14200E23640014BFFA /* GameMapper.swift in Sources */,
				D17E0D982008E9910091A42A /* UserPresenter.swift in Sources */,
				D1957505200D421300E28814 /* RoundedButton.swift in Sources */,
				D19574FF200D178200E28814 /* RoundedImage.swift in Sources */,
				D1A25109200550F600D2F438 /* User.swift in Sources */,
				D1957501200D31E400E28814 /* GameDetailedVC.swift in Sources */,
				D1A250F420053D4F00D2F438 /* UserProfileVC.swift in Sources */,
			);
			runOnlyForDeploymentPostprocessing = 0;
		};
/* End PBXSourcesBuildPhase section */

/* Begin PBXVariantGroup section */
		D1C952742003CD4C00B7E1E9 /* Main.storyboard */ = {
			isa = PBXVariantGroup;
			children = (
				D1C952752003CD4C00B7E1E9 /* Base */,
			);
			name = Main.storyboard;
			sourceTree = "<group>";
		};
		D1C952792003CD4C00B7E1E9 /* LaunchScreen.storyboard */ = {
			isa = PBXVariantGroup;
			children = (
				D1C9527A2003CD4C00B7E1E9 /* Base */,
			);
			name = LaunchScreen.storyboard;
			sourceTree = "<group>";
		};
/* End PBXVariantGroup section */

/* Begin XCBuildConfiguration section */
		D1C9527D2003CD4C00B7E1E9 /* Debug */ = {
			isa = XCBuildConfiguration;
			buildSettings = {
				ALWAYS_SEARCH_USER_PATHS = NO;
				CLANG_ANALYZER_NONNULL = YES;
				CLANG_ANALYZER_NUMBER_OBJECT_CONVERSION = YES_AGGRESSIVE;
				CLANG_CXX_LANGUAGE_STANDARD = "gnu++14";
				CLANG_CXX_LIBRARY = "libc++";
				CLANG_ENABLE_MODULES = YES;
				CLANG_ENABLE_OBJC_ARC = YES;
				CLANG_WARN_BLOCK_CAPTURE_AUTORELEASING = YES;
				CLANG_WARN_BOOL_CONVERSION = YES;
				CLANG_WARN_COMMA = YES;
				CLANG_WARN_CONSTANT_CONVERSION = YES;
				CLANG_WARN_DIRECT_OBJC_ISA_USAGE = YES_ERROR;
				CLANG_WARN_DOCUMENTATION_COMMENTS = YES;
				CLANG_WARN_EMPTY_BODY = YES;
				CLANG_WARN_ENUM_CONVERSION = YES;
				CLANG_WARN_INFINITE_RECURSION = YES;
				CLANG_WARN_INT_CONVERSION = YES;
				CLANG_WARN_NON_LITERAL_NULL_CONVERSION = YES;
				CLANG_WARN_OBJC_LITERAL_CONVERSION = YES;
				CLANG_WARN_OBJC_ROOT_CLASS = YES_ERROR;
				CLANG_WARN_RANGE_LOOP_ANALYSIS = YES;
				CLANG_WARN_STRICT_PROTOTYPES = YES;
				CLANG_WARN_SUSPICIOUS_MOVE = YES;
				CLANG_WARN_UNGUARDED_AVAILABILITY = YES_AGGRESSIVE;
				CLANG_WARN_UNREACHABLE_CODE = YES;
				CLANG_WARN__DUPLICATE_METHOD_MATCH = YES;
				CODE_SIGN_IDENTITY = "iPhone Developer";
				COPY_PHASE_STRIP = NO;
				DEBUG_INFORMATION_FORMAT = dwarf;
				ENABLE_STRICT_OBJC_MSGSEND = YES;
				ENABLE_TESTABILITY = YES;
				GCC_C_LANGUAGE_STANDARD = gnu11;
				GCC_DYNAMIC_NO_PIC = NO;
				GCC_NO_COMMON_BLOCKS = YES;
				GCC_OPTIMIZATION_LEVEL = 0;
				GCC_PREPROCESSOR_DEFINITIONS = (
					"DEBUG=1",
					"$(inherited)",
				);
				GCC_WARN_64_TO_32_BIT_CONVERSION = YES;
				GCC_WARN_ABOUT_RETURN_TYPE = YES_ERROR;
				GCC_WARN_UNDECLARED_SELECTOR = YES;
				GCC_WARN_UNINITIALIZED_AUTOS = YES_AGGRESSIVE;
				GCC_WARN_UNUSED_FUNCTION = YES;
				GCC_WARN_UNUSED_VARIABLE = YES;
				IPHONEOS_DEPLOYMENT_TARGET = 10.0;
				MTL_ENABLE_DEBUG_INFO = YES;
				ONLY_ACTIVE_ARCH = YES;
				SDKROOT = iphoneos;
				SWIFT_ACTIVE_COMPILATION_CONDITIONS = DEBUG;
				SWIFT_OPTIMIZATION_LEVEL = "-Onone";
			};
			name = Debug;
		};
		D1C9527E2003CD4C00B7E1E9 /* Release */ = {
			isa = XCBuildConfiguration;
			buildSettings = {
				ALWAYS_SEARCH_USER_PATHS = NO;
				CLANG_ANALYZER_NONNULL = YES;
				CLANG_ANALYZER_NUMBER_OBJECT_CONVERSION = YES_AGGRESSIVE;
				CLANG_CXX_LANGUAGE_STANDARD = "gnu++14";
				CLANG_CXX_LIBRARY = "libc++";
				CLANG_ENABLE_MODULES = YES;
				CLANG_ENABLE_OBJC_ARC = YES;
				CLANG_WARN_BLOCK_CAPTURE_AUTORELEASING = YES;
				CLANG_WARN_BOOL_CONVERSION = YES;
				CLANG_WARN_COMMA = YES;
				CLANG_WARN_CONSTANT_CONVERSION = YES;
				CLANG_WARN_DIRECT_OBJC_ISA_USAGE = YES_ERROR;
				CLANG_WARN_DOCUMENTATION_COMMENTS = YES;
				CLANG_WARN_EMPTY_BODY = YES;
				CLANG_WARN_ENUM_CONVERSION = YES;
				CLANG_WARN_INFINITE_RECURSION = YES;
				CLANG_WARN_INT_CONVERSION = YES;
				CLANG_WARN_NON_LITERAL_NULL_CONVERSION = YES;
				CLANG_WARN_OBJC_LITERAL_CONVERSION = YES;
				CLANG_WARN_OBJC_ROOT_CLASS = YES_ERROR;
				CLANG_WARN_RANGE_LOOP_ANALYSIS = YES;
				CLANG_WARN_STRICT_PROTOTYPES = YES;
				CLANG_WARN_SUSPICIOUS_MOVE = YES;
				CLANG_WARN_UNGUARDED_AVAILABILITY = YES_AGGRESSIVE;
				CLANG_WARN_UNREACHABLE_CODE = YES;
				CLANG_WARN__DUPLICATE_METHOD_MATCH = YES;
				CODE_SIGN_IDENTITY = "iPhone Developer";
				COPY_PHASE_STRIP = NO;
				DEBUG_INFORMATION_FORMAT = "dwarf-with-dsym";
				ENABLE_NS_ASSERTIONS = NO;
				ENABLE_STRICT_OBJC_MSGSEND = YES;
				GCC_C_LANGUAGE_STANDARD = gnu11;
				GCC_NO_COMMON_BLOCKS = YES;
				GCC_WARN_64_TO_32_BIT_CONVERSION = YES;
				GCC_WARN_ABOUT_RETURN_TYPE = YES_ERROR;
				GCC_WARN_UNDECLARED_SELECTOR = YES;
				GCC_WARN_UNINITIALIZED_AUTOS = YES_AGGRESSIVE;
				GCC_WARN_UNUSED_FUNCTION = YES;
				GCC_WARN_UNUSED_VARIABLE = YES;
				IPHONEOS_DEPLOYMENT_TARGET = 10.0;
				MTL_ENABLE_DEBUG_INFO = NO;
				SDKROOT = iphoneos;
				SWIFT_OPTIMIZATION_LEVEL = "-Owholemodule";
				VALIDATE_PRODUCT = YES;
			};
			name = Release;
		};
		D1C952802003CD4C00B7E1E9 /* Debug */ = {
			isa = XCBuildConfiguration;
			baseConfigurationReference = F956457031AC35DEEFBC61DA /* Pods-desafio-token-bernardo.debug.xcconfig */;
			buildSettings = {
				ASSETCATALOG_COMPILER_APPICON_NAME = AppIcon;
				CLANG_ENABLE_MODULES = YES;
				CODE_SIGN_STYLE = Automatic;
				DEVELOPMENT_TEAM = UCP4PUH258;
				INFOPLIST_FILE = "desafio-token-bernardo/Info.plist";
				LD_RUNPATH_SEARCH_PATHS = "$(inherited) @executable_path/Frameworks";
				PRODUCT_BUNDLE_IDENTIFIER = "token.desafio-token-bernardo";
				PRODUCT_NAME = "$(TARGET_NAME)";
				SWIFT_OPTIMIZATION_LEVEL = "-Onone";
				SWIFT_VERSION = 4.0;
				TARGETED_DEVICE_FAMILY = "1,2";
			};
			name = Debug;
		};
		D1C952812003CD4C00B7E1E9 /* Release */ = {
			isa = XCBuildConfiguration;
			baseConfigurationReference = 521FD6DA9F5C033957745C55 /* Pods-desafio-token-bernardo.release.xcconfig */;
			buildSettings = {
				ASSETCATALOG_COMPILER_APPICON_NAME = AppIcon;
				CLANG_ENABLE_MODULES = YES;
				CODE_SIGN_STYLE = Automatic;
				DEVELOPMENT_TEAM = UCP4PUH258;
				INFOPLIST_FILE = "desafio-token-bernardo/Info.plist";
				LD_RUNPATH_SEARCH_PATHS = "$(inherited) @executable_path/Frameworks";
				PRODUCT_BUNDLE_IDENTIFIER = "token.desafio-token-bernardo";
				PRODUCT_NAME = "$(TARGET_NAME)";
				SWIFT_VERSION = 4.0;
				TARGETED_DEVICE_FAMILY = "1,2";
			};
			name = Release;
		};
/* End XCBuildConfiguration section */

/* Begin XCConfigurationList section */
		D1C952682003CD4C00B7E1E9 /* Build configuration list for PBXProject "desafio-token-bernardo" */ = {
			isa = XCConfigurationList;
			buildConfigurations = (
				D1C9527D2003CD4C00B7E1E9 /* Debug */,
				D1C9527E2003CD4C00B7E1E9 /* Release */,
			);
			defaultConfigurationIsVisible = 0;
			defaultConfigurationName = Release;
		};
		D1C9527F2003CD4C00B7E1E9 /* Build configuration list for PBXNativeTarget "desafio-token-bernardo" */ = {
			isa = XCConfigurationList;
			buildConfigurations = (
				D1C952802003CD4C00B7E1E9 /* Debug */,
				D1C952812003CD4C00B7E1E9 /* Release */,
			);
			defaultConfigurationIsVisible = 0;
			defaultConfigurationName = Release;
		};
/* End XCConfigurationList section */
	};
	rootObject = D1C952652003CD4C00B7E1E9 /* Project object */;
}
